// !$*UTF8*$!
{
	archiveVersion = 1;
	classes = {
	};
	objectVersion = 46;
	objects = {

/* Begin PBXBuildFile section */
		B22DDC69B89B134BDBB7199C /* libPods.a in Frameworks */ = {isa = PBXBuildFile; fileRef = A1C1D2BA9128AB2F4E3E608D /* libPods.a */; };
		EC6E5B671C9ECF9B003C69C8 /* main.m in Sources */ = {isa = PBXBuildFile; fileRef = EC6E5B661C9ECF9B003C69C8 /* main.m */; };
		EC6E5B6A1C9ECF9B003C69C8 /* AppDelegate.m in Sources */ = {isa = PBXBuildFile; fileRef = EC6E5B691C9ECF9B003C69C8 /* AppDelegate.m */; };
		EC6E5B6D1C9ECF9B003C69C8 /* ViewController.m in Sources */ = {isa = PBXBuildFile; fileRef = EC6E5B6C1C9ECF9B003C69C8 /* ViewController.m */; };
		EC6E5B701C9ECF9B003C69C8 /* Main.storyboard in Resources */ = {isa = PBXBuildFile; fileRef = EC6E5B6E1C9ECF9B003C69C8 /* Main.storyboard */; };
		EC6E5B721C9ECF9B003C69C8 /* Assets.xcassets in Resources */ = {isa = PBXBuildFile; fileRef = EC6E5B711C9ECF9B003C69C8 /* Assets.xcassets */; };
		EC6E5B751C9ECF9B003C69C8 /* LaunchScreen.storyboard in Resources */ = {isa = PBXBuildFile; fileRef = EC6E5B731C9ECF9B003C69C8 /* LaunchScreen.storyboard */; };
/* End PBXBuildFile section */

/* Begin PBXFileReference section */
		283BDFC8514773144AD60EC0 /* Pods.release.xcconfig */ = {isa = PBXFileReference; includeInIndex = 1; lastKnownFileType = text.xcconfig; name = Pods.release.xcconfig; path = "Pods/Target Support Files/Pods/Pods.release.xcconfig"; sourceTree = "<group>"; };
		5D6361BFD2B2AA9BE748B555 /* Pods.debug.xcconfig */ = {isa = PBXFileReference; includeInIndex = 1; lastKnownFileType = text.xcconfig; name = Pods.debug.xcconfig; path = "Pods/Target Support Files/Pods/Pods.debug.xcconfig"; sourceTree = "<group>"; };
		A1C1D2BA9128AB2F4E3E608D /* libPods.a */ = {isa = PBXFileReference; explicitFileType = archive.ar; includeInIndex = 0; path = libPods.a; sourceTree = BUILT_PRODUCTS_DIR; };
		EC6E5B621C9ECF9B003C69C8 /* 指南针.app */ = {isa = PBXFileReference; explicitFileType = wrapper.application; includeInIndex = 0; path = "指南针.app"; sourceTree = BUILT_PRODUCTS_DIR; };
		EC6E5B661C9ECF9B003C69C8 /* main.m */ = {isa = PBXFileReference; lastKnownFileType = sourcecode.c.objc; path = main.m; sourceTree = "<group>"; };
		EC6E5B681C9ECF9B003C69C8 /* AppDelegate.h */ = {isa = PBXFileReference; lastKnownFileType = sourcecode.c.h; path = AppDelegate.h; sourceTree = "<group>"; };
		EC6E5B691C9ECF9B003C69C8 /* AppDelegate.m */ = {isa = PBXFileReference; lastKnownFileType = sourcecode.c.objc; path = AppDelegate.m; sourceTree = "<group>"; };
		EC6E5B6B1C9ECF9B003C69C8 /* ViewController.h */ = {isa = PBXFileReference; lastKnownFileType = sourcecode.c.h; path = ViewController.h; sourceTree = "<group>"; };
		EC6E5B6C1C9ECF9B003C69C8 /* ViewController.m */ = {isa = PBXFileReference; lastKnownFileType = sourcecode.c.objc; path = ViewController.m; sourceTree = "<group>"; };
		EC6E5B6F1C9ECF9B003C69C8 /* Base */ = {isa = PBXFileReference; lastKnownFileType = file.storyboard; name = Base; path = Base.lproj/Main.storyboard; sourceTree = "<group>"; };
		EC6E5B711C9ECF9B003C69C8 /* Assets.xcassets */ = {isa = PBXFileReference; lastKnownFileType = folder.assetcatalog; path = Assets.xcassets; sourceTree = "<group>"; };
		EC6E5B741C9ECF9B003C69C8 /* Base */ = {isa = PBXFileReference; lastKnownFileType = file.storyboard; name = Base; path = Base.lproj/LaunchScreen.storyboard; sourceTree = "<group>"; };
		EC6E5B761C9ECF9B003C69C8 /* Info.plist */ = {isa = PBXFileReference; lastKnownFileType = text.plist.xml; path = Info.plist; sourceTree = "<group>"; };
/* End PBXFileReference section */

/* Begin PBXFrameworksBuildPhase section */
		EC6E5B5F1C9ECF9B003C69C8 /* Frameworks */ = {
			isa = PBXFrameworksBuildPhase;
			buildActionMask = 2147483647;
			files = (
				B22DDC69B89B134BDBB7199C /* libPods.a in Frameworks */,
			);
			runOnlyForDeploymentPostprocessing = 0;
		};
/* End PBXFrameworksBuildPhase section */

/* Begin PBXGroup section */
		58C2425DA10C1663E9DD8AE2 /* Pods */ = {
			isa = PBXGroup;
			children = (
				5D6361BFD2B2AA9BE748B555 /* Pods.debug.xcconfig */,
				283BDFC8514773144AD60EC0 /* Pods.release.xcconfig */,
			);
			name = Pods;
			sourceTree = "<group>";
		};
		DF606152D91F21F61D6B0ADB /* Frameworks */ = {
			isa = PBXGroup;
			children = (
				A1C1D2BA9128AB2F4E3E608D /* libPods.a */,
			);
			name = Frameworks;
			sourceTree = "<group>";
		};
		EC6E5B591C9ECF9B003C69C8 = {
			isa = PBXGroup;
			children = (
				EC6E5B641C9ECF9B003C69C8 /* 指南针 */,
				EC6E5B631C9ECF9B003C69C8 /* Products */,
				58C2425DA10C1663E9DD8AE2 /* Pods */,
				DF606152D91F21F61D6B0ADB /* Frameworks */,
			);
			sourceTree = "<group>";
		};
		EC6E5B631C9ECF9B003C69C8 /* Products */ = {
			isa = PBXGroup;
			children = (
				EC6E5B621C9ECF9B003C69C8 /* 指南针.app */,
			);
			name = Products;
			sourceTree = "<group>";
		};
		EC6E5B641C9ECF9B003C69C8 /* 指南针 */ = {
			isa = PBXGroup;
			children = (
				EC6E5B681C9ECF9B003C69C8 /* AppDelegate.h */,
				EC6E5B691C9ECF9B003C69C8 /* AppDelegate.m */,
				EC6E5B6B1C9ECF9B003C69C8 /* ViewController.h */,
				EC6E5B6C1C9ECF9B003C69C8 /* ViewController.m */,
				EC6E5B6E1C9ECF9B003C69C8 /* Main.storyboard */,
				EC6E5B711C9ECF9B003C69C8 /* Assets.xcassets */,
				EC6E5B731C9ECF9B003C69C8 /* LaunchScreen.storyboard */,
				EC6E5B761C9ECF9B003C69C8 /* Info.plist */,
				EC6E5B651C9ECF9B003C69C8 /* Supporting Files */,
			);
			path = "指南针";
			sourceTree = "<group>";
		};
		EC6E5B651C9ECF9B003C69C8 /* Supporting Files */ = {
			isa = PBXGroup;
			children = (
				EC6E5B661C9ECF9B003C69C8 /* main.m */,
			);
			name = "Supporting Files";
			sourceTree = "<group>";
		};
/* End PBXGroup section */

/* Begin PBXNativeTarget section */
		EC6E5B611C9ECF9B003C69C8 /* 指南针 */ = {
			isa = PBXNativeTarget;
			buildConfigurationList = EC6E5B791C9ECF9B003C69C8 /* Build configuration list for PBXNativeTarget "指南针" */;
			buildPhases = (
				7A39953C7F7B281196FEB8EB /* Check Pods Manifest.lock */,
				EC6E5B5E1C9ECF9B003C69C8 /* Sources */,
				EC6E5B5F1C9ECF9B003C69C8 /* Frameworks */,
				EC6E5B601C9ECF9B003C69C8 /* Resources */,
				7450AB0F4690188E948DE266 /* Embed Pods Frameworks */,
				89E3DBE6AA32A2D4FCF5B3CC /* Copy Pods Resources */,
			);
			buildRules = (
			);
			dependencies = (
			);
			name = "指南针";
			productName = "指南针";
			productReference = EC6E5B621C9ECF9B003C69C8 /* 指南针.app */;
			productType = "com.apple.product-type.application";
		};
/* End PBXNativeTarget section */

/* Begin PBXProject section */
		EC6E5B5A1C9ECF9B003C69C8 /* Project object */ = {
			isa = PBXProject;
			attributes = {
				LastUpgradeCheck = 0700;
				ORGANIZATIONNAME = "卢远立";
				TargetAttributes = {
					EC6E5B611C9ECF9B003C69C8 = {
						CreatedOnToolsVersion = 7.0;
					};
				};
			};
			buildConfigurationList = EC6E5B5D1C9ECF9B003C69C8 /* Build configuration list for PBXProject "指南针" */;
			compatibilityVersion = "Xcode 3.2";
			developmentRegion = English;
			hasScannedForEncodings = 0;
			knownRegions = (
				en,
				Base,
			);
			mainGroup = EC6E5B591C9ECF9B003C69C8;
			productRefGroup = EC6E5B631C9ECF9B003C69C8 /* Products */;
			projectDirPath = "";
			projectRoot = "";
			targets = (
				EC6E5B611C9ECF9B003C69C8 /* 指南针 */,
			);
		};
/* End PBXProject section */

/* Begin PBXResourcesBuildPhase section */
		EC6E5B601C9ECF9B003C69C8 /* Resources */ = {
			isa = PBXResourcesBuildPhase;
			buildActionMask = 2147483647;
			files = (
				EC6E5B751C9ECF9B003C69C8 /* LaunchScreen.storyboard in Resources */,
				EC6E5B721C9ECF9B003C69C8 /* Assets.xcassets in Resources */,
				EC6E5B701C9ECF9B003C69C8 /* Main.storyboard in Resources */,
			);
			runOnlyForDeploymentPostprocessing = 0;
		};
/* End PBXResourcesBuildPhase section */

/* Begin PBXShellScriptBuildPhase section */
		7450AB0F4690188E948DE266 /* Embed Pods Frameworks */ = {
			isa = PBXShellScriptBuildPhase;
			buildActionMask = 2147483647;
			files = (
			);
			inputPaths = (
			);
			name = "Embed Pods Frameworks";
			outputPaths = (
			);
			runOnlyForDeploymentPostprocessing = 0;
			shellPath = /bin/sh;
			shellScript = "\"${SRCROOT}/Pods/Target Support Files/Pods/Pods-frameworks.sh\"\n";
			showEnvVarsInLog = 0;
		};
		7A39953C7F7B281196FEB8EB /* Check Pods Manifest.lock */ = {
			isa = PBXShellScriptBuildPhase;
			buildActionMask = 2147483647;
			files = (
			);
			inputPaths = (
			);
			name = "Check Pods Manifest.lock";
			outputPaths = (
			);
			runOnlyForDeploymentPostprocessing = 0;
			shellPath = /bin/sh;
			shellScript = "diff \"${PODS_ROOT}/../Podfile.lock\" \"${PODS_ROOT}/Manifest.lock\" > /dev/null\nif [[ $? != 0 ]] ; then\n    cat << EOM\nerror: The sandbox is not in sync with the Podfile.lock. Run 'pod install' or update your CocoaPods installation.\nEOM\n    exit 1\nfi\n";
			showEnvVarsInLog = 0;
		};
		89E3DBE6AA32A2D4FCF5B3CC /* Copy Pods Resources */ = {
			isa = PBXShellScriptBuildPhase;
			buildActionMask = 2147483647;
			files = (
			);
			inputPaths = (
			);
			name = "Copy Pods Resources";
			outputPaths = (
			);
			runOnlyForDeploymentPostprocessing = 0;
			shellPath = /bin/sh;
			shellScript = "\"${SRCROOT}/Pods/Target Support Files/Pods/Pods-resources.sh\"\n";
			showEnvVarsInLog = 0;
		};
/* End PBXShellScriptBuildPhase section */

/* Begin PBXSourcesBuildPhase section */
		EC6E5B5E1C9ECF9B003C69C8 /* Sources */ = {
			isa = PBXSourcesBuildPhase;
			buildActionMask = 2147483647;
			files = (
				EC6E5B6D1C9ECF9B003C69C8 /* ViewController.m in Sources */,
				EC6E5B6A1C9ECF9B003C69C8 /* AppDelegate.m in Sources */,
				EC6E5B671C9ECF9B003C69C8 /* main.m in Sources */,
			);
			runOnlyForDeploymentPostprocessing = 0;
		};
/* End PBXSourcesBuildPhase section */

/* Begin PBXVariantGroup section */
		EC6E5B6E1C9ECF9B003C69C8 /* Main.storyboard */ = {
			isa = PBXVariantGroup;
			children = (
				EC6E5B6F1C9ECF9B003C69C8 /* Base */,
			);
			name = Main.storyboard;
			sourceTree = "<group>";
		};
		EC6E5B731C9ECF9B003C69C8 /* LaunchScreen.storyboard */ = {
			isa = PBXVariantGroup;
			children = (
				EC6E5B741C9ECF9B003C69C8 /* Base */,
			);
			name = LaunchScreen.storyboard;
			sourceTree = "<group>";
		};
/* End PBXVariantGroup section */

/* Begin XCBuildConfiguration section */
		EC6E5B771C9ECF9B003C69C8 /* Debug */ = {
			isa = XCBuildConfiguration;
			buildSettings = {
				ALWAYS_SEARCH_USER_PATHS = NO;
				CLANG_CXX_LANGUAGE_STANDARD = "gnu++0x";
				CLANG_CXX_LIBRARY = "libc++";
				CLANG_ENABLE_MODULES = YES;
				CLANG_ENABLE_OBJC_ARC = YES;
				CLANG_WARN_BOOL_CONVERSION = YES;
				CLANG_WARN_CONSTANT_CONVERSION = YES;
				CLANG_WARN_DIRECT_OBJC_ISA_USAGE = YES_ERROR;
				CLANG_WARN_EMPTY_BODY = YES;
				CLANG_WARN_ENUM_CONVERSION = YES;
				CLANG_WARN_INT_CONVERSION = YES;
				CLANG_WARN_OBJC_ROOT_CLASS = YES_ERROR;
				CLANG_WARN_UNREACHABLE_CODE = YES;
				CLANG_WARN__DUPLICATE_METHOD_MATCH = YES;
				"CODE_SIGN_IDENTITY[sdk=iphoneos*]" = "iPhone Developer";
				COPY_PHASE_STRIP = NO;
				DEBUG_INFORMATION_FORMAT = dwarf;
				ENABLE_STRICT_OBJC_MSGSEND = YES;
				ENABLE_TESTABILITY = YES;
				GCC_C_LANGUAGE_STANDARD = gnu99;
				GCC_DYNAMIC_NO_PIC = NO;
				GCC_NO_COMMON_BLOCKS = YES;
				GCC_OPTIMIZATION_LEVEL = 0;
				GCC_PREPROCESSOR_DEFINITIONS = (
					"DEBUG=1",
					"$(inherited)",
				);
				GCC_WARN_64_TO_32_BIT_CONVERSION = YES;
				GCC_WARN_ABOUT_RETURN_TYPE = YES_ERROR;
				GCC_WARN_UNDECLARED_SELECTOR = YES;
				GCC_WARN_UNINITIALIZED_AUTOS = YES_AGGRESSIVE;
				GCC_WARN_UNUSED_FUNCTION = YES;
				GCC_WARN_UNUSED_VARIABLE = YES;
				IPHONEOS_DEPLOYMENT_TARGET = 9.0;
				MTL_ENABLE_DEBUG_INFO = YES;
				ONLY_ACTIVE_ARCH = YES;
				SDKROOT = iphoneos;
				TARGETED_DEVICE_FAMILY = "1,2";
			};
			name = Debug;
		};
		EC6E5B781C9ECF9B003C69C8 /* Release */ = {
			isa = XCBuildConfiguration;
			buildSettings = {
				ALWAYS_SEARCH_USER_PATHS = NO;
				CLANG_CXX_LANGUAGE_STANDARD = "gnu++0x";
				CLANG_CXX_LIBRARY = "libc++";
				CLANG_ENABLE_MODULES = YES;
				CLANG_ENABLE_OBJC_ARC = YES;
				CLANG_WARN_BOOL_CONVERSION = YES;
				CLANG_WARN_CONSTANT_CONVERSION = YES;
				CLANG_WARN_DIRECT_OBJC_ISA_USAGE = YES_ERROR;
				CLANG_WARN_EMPTY_BODY = YES;
				CLANG_WARN_ENUM_CONVERSION = YES;
				CLANG_WARN_INT_CONVERSION = YES;
				CLANG_WARN_OBJC_ROOT_CLASS = YES_ERROR;
				CLANG_WARN_UNREACHABLE_CODE = YES;
				CLANG_WARN__DUPLICATE_METHOD_MATCH = YES;
				"CODE_SIGN_IDENTITY[sdk=iphoneos*]" = "iPhone Developer";
				COPY_PHASE_STRIP = NO;
				DEBUG_INFORMATION_FORMAT = "dwarf-with-dsym";
				ENABLE_NS_ASSERTIONS = NO;
				ENABLE_STRICT_OBJC_MSGSEND = YES;
				GCC_C_LANGUAGE_STANDARD = gnu99;
				GCC_NO_COMMON_BLOCKS = YES;
				GCC_WARN_64_TO_32_BIT_CONVERSION = YES;
				GCC_WARN_ABOUT_RETURN_TYPE = YES_ERROR;
				GCC_WARN_UNDECLARED_SELECTOR = YES;
				GCC_WARN_UNINITIALIZED_AUTOS = YES_AGGRESSIVE;
				GCC_WARN_UNUSED_FUNCTION = YES;
				GCC_WARN_UNUSED_VARIABLE = YES;
				IPHONEOS_DEPLOYMENT_TARGET = 9.0;
				MTL_ENABLE_DEBUG_INFO = NO;
				SDKROOT = iphoneos;
				TARGETED_DEVICE_FAMILY = "1,2";
				VALIDATE_PRODUCT = YES;
			};
			name = Release;
		};
		EC6E5B7A1C9ECF9B003C69C8 /* Debug */ = {
			isa = XCBuildConfiguration;
			baseConfigurationReference = 5D6361BFD2B2AA9BE748B555 /* Pods.debug.xcconfig */;
			buildSettings = {
				ASSETCATALOG_COMPILER_APPICON_NAME = AppIcon;
				INFOPLIST_FILE = "指南针/Info.plist";
				LD_RUNPATH_SEARCH_PATHS = "$(inherited) @executable_path/Frameworks";
				PRODUCT_BUNDLE_IDENTIFIER = "com.itheima.---";
				PRODUCT_NAME = "$(TARGET_NAME)";
			};
			name = Debug;
		};
		EC6E5B7B1C9ECF9B003C69C8 /* Release */ = {
			isa = XCBuildConfiguration;
			baseConfigurationReference = 283BDFC8514773144AD60EC0 /* Pods.release.xcconfig */;
			buildSettings = {
				ASSETCATALOG_COMPILER_APPICON_NAME = AppIcon;
				INFOPLIST_FILE = "指南针/Info.plist";
				LD_RUNPATH_SEARCH_PATHS = "$(inherited) @executable_path/Frameworks";
				PRODUCT_BUNDLE_IDENTIFIER = "com.itheima.---";
				PRODUCT_NAME = "$(TARGET_NAME)";
			};
			name = Release;
		};
/* End XCBuildConfiguration section */

/* Begin XCConfigurationList section */
		EC6E5B5D1C9ECF9B003C69C8 /* Build configuration list for PBXProject "指南针" */ = {
			isa = XCConfigurationList;
			buildConfigurations = (
				EC6E5B771C9ECF9B003C69C8 /* Debug */,
				EC6E5B781C9ECF9B003C69C8 /* Release */,
			);
			defaultConfigurationIsVisible = 0;
			defaultConfigurationName = Release;
		};
		EC6E5B791C9ECF9B003C69C8 /* Build configuration list for PBXNativeTarget "指南针" */ = {
			isa = XCConfigurationList;
			buildConfigurations = (
				EC6E5B7A1C9ECF9B003C69C8 /* Debug */,
				EC6E5B7B1C9ECF9B003C69C8 /* Release */,
			);
			defaultConfigurationIsVisible = 0;
			defaultConfigurationName = Release;
		};
/* End XCConfigurationList section */
	};
	rootObject = EC6E5B5A1C9ECF9B003C69C8 /* Project object */;
}
